// !$*UTF8*$!
{
	archiveVersion = 1;
	classes = {
	};
	objectVersion = 54;
	objects = {

/* Begin PBXBuildFile section */
		0A0121DB49CD79F48EBAC455 /* Pods_MyHabits.framework in Frameworks */ = {isa = PBXBuildFile; fileRef = 225363ED40C094C8E5A3EFD7 /* Pods_MyHabits.framework */; };
		2D11A09F275BD1CD00D80ED8 /* AllHabitsViewCell.swift in Sources */ = {isa = PBXBuildFile; fileRef = 2D11A09E275BD1CD00D80ED8 /* AllHabitsViewCell.swift */; };
		2D11A0A7275CE8FD00D80ED8 /* Localizable.strings in Resources */ = {isa = PBXBuildFile; fileRef = 2D11A0A9275CE8FD00D80ED8 /* Localizable.strings */; };
		2D59FB81273EE7ED007163CE /* NotificationsManager.swift in Sources */ = {isa = PBXBuildFile; fileRef = 2D59FB80273EE7ED007163CE /* NotificationsManager.swift */; };
		2D5F6BA6272D99D50039C465 /* ColorButton.swift in Sources */ = {isa = PBXBuildFile; fileRef = 2D5F6BA5272D99D50039C465 /* ColorButton.swift */; };
		2D5F6BA8272ECDAA0039C465 /* SelectModel.swift in Sources */ = {isa = PBXBuildFile; fileRef = 2D5F6BA7272ECDAA0039C465 /* SelectModel.swift */; };
		2D5F6BB0272F2AB90039C465 /* AddViewLabel.swift in Sources */ = {isa = PBXBuildFile; fileRef = 2D5F6BAF272F2AB90039C465 /* AddViewLabel.swift */; };
		2D5F6BB3273066CC0039C465 /* NameTableViewCell.swift in Sources */ = {isa = PBXBuildFile; fileRef = 2D5F6BB2273066CC0039C465 /* NameTableViewCell.swift */; };
		2D5F6BB5273069080039C465 /* AddHabitViewController.swift in Sources */ = {isa = PBXBuildFile; fileRef = 2D5F6BB4273069080039C465 /* AddHabitViewController.swift */; };
		2D5F6BB727306C730039C465 /* DaysTableViewCell.swift in Sources */ = {isa = PBXBuildFile; fileRef = 2D5F6BB627306C730039C465 /* DaysTableViewCell.swift */; };
		2D5F6BB927306DC40039C465 /* CellStack.swift in Sources */ = {isa = PBXBuildFile; fileRef = 2D5F6BB827306DC40039C465 /* CellStack.swift */; };
		2D5F6BBB273071020039C465 /* NotificationTableViewCell.swift in Sources */ = {isa = PBXBuildFile; fileRef = 2D5F6BBA273071020039C465 /* NotificationTableViewCell.swift */; };
		2D5F6BBD273074F10039C465 /* ColorTableViewCell.swift in Sources */ = {isa = PBXBuildFile; fileRef = 2D5F6BBC273074F10039C465 /* ColorTableViewCell.swift */; };
		2D5F6BBF273076250039C465 /* AddHabitView.swift in Sources */ = {isa = PBXBuildFile; fileRef = 2D5F6BBE273076250039C465 /* AddHabitView.swift */; };
		2D70132C2720969400F78FA5 /* AppDelegate.swift in Sources */ = {isa = PBXBuildFile; fileRef = 2D70132B2720969400F78FA5 /* AppDelegate.swift */; };
		2D70132E2720969400F78FA5 /* SceneDelegate.swift in Sources */ = {isa = PBXBuildFile; fileRef = 2D70132D2720969400F78FA5 /* SceneDelegate.swift */; };
		2D7013302720969400F78FA5 /* TodayHabitsViewController.swift in Sources */ = {isa = PBXBuildFile; fileRef = 2D70132F2720969400F78FA5 /* TodayHabitsViewController.swift */; };
		2D7013332720969400F78FA5 /* Main.storyboard in Resources */ = {isa = PBXBuildFile; fileRef = 2D7013312720969400F78FA5 /* Main.storyboard */; };
		2D7013362720969400F78FA5 /* MyHabbits.xcdatamodeld in Sources */ = {isa = PBXBuildFile; fileRef = 2D7013342720969400F78FA5 /* MyHabbits.xcdatamodeld */; };
		2D7013382720969600F78FA5 /* Assets.xcassets in Resources */ = {isa = PBXBuildFile; fileRef = 2D7013372720969600F78FA5 /* Assets.xcassets */; };
		2D70133B2720969600F78FA5 /* LaunchScreen.storyboard in Resources */ = {isa = PBXBuildFile; fileRef = 2D7013392720969600F78FA5 /* LaunchScreen.storyboard */; };
		2D7013432720998200F78FA5 /* ListView.swift in Sources */ = {isa = PBXBuildFile; fileRef = 2D7013422720998200F78FA5 /* ListView.swift */; };
		2D70134727209AF500F78FA5 /* TabBarController.swift in Sources */ = {isa = PBXBuildFile; fileRef = 2D70134627209AF500F78FA5 /* TabBarController.swift */; };
		2D70134927209C0B00F78FA5 /* Constants.swift in Sources */ = {isa = PBXBuildFile; fileRef = 2D70134827209C0B00F78FA5 /* Constants.swift */; };
		2D70134B27213A0E00F78FA5 /* AllHabitsViewController.swift in Sources */ = {isa = PBXBuildFile; fileRef = 2D70134A27213A0E00F78FA5 /* AllHabitsViewController.swift */; };
		2D70134F2721A8F300F78FA5 /* HabbitsCell.swift in Sources */ = {isa = PBXBuildFile; fileRef = 2D70134E2721A8F300F78FA5 /* HabbitsCell.swift */; };
		2D70135627228C3900F78FA5 /* ManageData.swift in Sources */ = {isa = PBXBuildFile; fileRef = 2D70135527228C3900F78FA5 /* ManageData.swift */; };
		2D70135827234ED200F78FA5 /* DaysButton.swift in Sources */ = {isa = PBXBuildFile; fileRef = 2D70135727234ED200F78FA5 /* DaysButton.swift */; };
		2D96F3142775EDB600AE71E0 /* HapsticsManager.swift in Sources */ = {isa = PBXBuildFile; fileRef = 2D96F3132775EDB600AE71E0 /* HapsticsManager.swift */; };
		2DE99D3C274BFFE600802FCE /* HabitViewModel.swift in Sources */ = {isa = PBXBuildFile; fileRef = 2DE99D3B274BFFE600802FCE /* HabitViewModel.swift */; };
		2DEF875727A017C400B56876 /* CellEditManager.swift in Sources */ = {isa = PBXBuildFile; fileRef = 2DEF875627A017C400B56876 /* CellEditManager.swift */; };
		2DEF875927A046C400B56876 /* ReadmeAssets.xcassets in Resources */ = {isa = PBXBuildFile; fileRef = 2DEF875827A046C400B56876 /* ReadmeAssets.xcassets */; };
/* End PBXBuildFile section */

/* Begin PBXFileReference section */
		1CD4B60754FFC02A4B3BF97A /* Pods-MyHabits.release.xcconfig */ = {isa = PBXFileReference; includeInIndex = 1; lastKnownFileType = text.xcconfig; name = "Pods-MyHabits.release.xcconfig"; path = "Target Support Files/Pods-MyHabits/Pods-MyHabits.release.xcconfig"; sourceTree = "<group>"; };
		225363ED40C094C8E5A3EFD7 /* Pods_MyHabits.framework */ = {isa = PBXFileReference; explicitFileType = wrapper.framework; includeInIndex = 0; path = Pods_MyHabits.framework; sourceTree = BUILT_PRODUCTS_DIR; };
		2D11A09E275BD1CD00D80ED8 /* AllHabitsViewCell.swift */ = {isa = PBXFileReference; lastKnownFileType = sourcecode.swift; path = AllHabitsViewCell.swift; sourceTree = "<group>"; };
		2D11A0A0275CE75600D80ED8 /* ru */ = {isa = PBXFileReference; lastKnownFileType = text.plist.strings; name = ru; path = ru.lproj/Main.strings; sourceTree = "<group>"; };
		2D11A0A1275CE75600D80ED8 /* ru */ = {isa = PBXFileReference; lastKnownFileType = text.plist.strings; name = ru; path = ru.lproj/LaunchScreen.strings; sourceTree = "<group>"; };
		2D11A0A8275CE8FD00D80ED8 /* ru */ = {isa = PBXFileReference; lastKnownFileType = text.plist.strings; name = ru; path = ru.lproj/Localizable.strings; sourceTree = "<group>"; };
		2D11A0AA275CE90300D80ED8 /* en */ = {isa = PBXFileReference; lastKnownFileType = text.plist.strings; name = en; path = en.lproj/Localizable.strings; sourceTree = "<group>"; };
		2D59FB80273EE7ED007163CE /* NotificationsManager.swift */ = {isa = PBXFileReference; lastKnownFileType = sourcecode.swift; path = NotificationsManager.swift; sourceTree = "<group>"; };
		2D5F6BA5272D99D50039C465 /* ColorButton.swift */ = {isa = PBXFileReference; lastKnownFileType = sourcecode.swift; path = ColorButton.swift; sourceTree = "<group>"; };
		2D5F6BA7272ECDAA0039C465 /* SelectModel.swift */ = {isa = PBXFileReference; lastKnownFileType = sourcecode.swift; path = SelectModel.swift; sourceTree = "<group>"; };
		2D5F6BAF272F2AB90039C465 /* AddViewLabel.swift */ = {isa = PBXFileReference; lastKnownFileType = sourcecode.swift; path = AddViewLabel.swift; sourceTree = "<group>"; };
		2D5F6BB2273066CC0039C465 /* NameTableViewCell.swift */ = {isa = PBXFileReference; lastKnownFileType = sourcecode.swift; path = NameTableViewCell.swift; sourceTree = "<group>"; };
		2D5F6BB4273069080039C465 /* AddHabitViewController.swift */ = {isa = PBXFileReference; lastKnownFileType = sourcecode.swift; path = AddHabitViewController.swift; sourceTree = "<group>"; };
		2D5F6BB627306C730039C465 /* DaysTableViewCell.swift */ = {isa = PBXFileReference; lastKnownFileType = sourcecode.swift; path = DaysTableViewCell.swift; sourceTree = "<group>"; };
		2D5F6BB827306DC40039C465 /* CellStack.swift */ = {isa = PBXFileReference; lastKnownFileType = sourcecode.swift; path = CellStack.swift; sourceTree = "<group>"; };
		2D5F6BBA273071020039C465 /* NotificationTableViewCell.swift */ = {isa = PBXFileReference; lastKnownFileType = sourcecode.swift; path = NotificationTableViewCell.swift; sourceTree = "<group>"; };
		2D5F6BBC273074F10039C465 /* ColorTableViewCell.swift */ = {isa = PBXFileReference; lastKnownFileType = sourcecode.swift; path = ColorTableViewCell.swift; sourceTree = "<group>"; };
		2D5F6BBE273076250039C465 /* AddHabitView.swift */ = {isa = PBXFileReference; lastKnownFileType = sourcecode.swift; path = AddHabitView.swift; sourceTree = "<group>"; };
		2D7013282720969400F78FA5 /* MyHabits.app */ = {isa = PBXFileReference; explicitFileType = wrapper.application; includeInIndex = 0; path = MyHabits.app; sourceTree = BUILT_PRODUCTS_DIR; };
		2D70132B2720969400F78FA5 /* AppDelegate.swift */ = {isa = PBXFileReference; lastKnownFileType = sourcecode.swift; path = AppDelegate.swift; sourceTree = "<group>"; };
		2D70132D2720969400F78FA5 /* SceneDelegate.swift */ = {isa = PBXFileReference; lastKnownFileType = sourcecode.swift; path = SceneDelegate.swift; sourceTree = "<group>"; };
		2D70132F2720969400F78FA5 /* TodayHabitsViewController.swift */ = {isa = PBXFileReference; lastKnownFileType = sourcecode.swift; path = TodayHabitsViewController.swift; sourceTree = "<group>"; };
		2D7013322720969400F78FA5 /* Base */ = {isa = PBXFileReference; lastKnownFileType = file.storyboard; name = Base; path = Base.lproj/Main.storyboard; sourceTree = "<group>"; };
		2D7013352720969400F78FA5 /* MyHabbits.xcdatamodel */ = {isa = PBXFileReference; lastKnownFileType = wrapper.xcdatamodel; path = MyHabbits.xcdatamodel; sourceTree = "<group>"; };
		2D7013372720969600F78FA5 /* Assets.xcassets */ = {isa = PBXFileReference; lastKnownFileType = folder.assetcatalog; path = Assets.xcassets; sourceTree = "<group>"; };
		2D70133A2720969600F78FA5 /* Base */ = {isa = PBXFileReference; lastKnownFileType = file.storyboard; name = Base; path = Base.lproj/LaunchScreen.storyboard; sourceTree = "<group>"; };
		2D70133C2720969600F78FA5 /* Info.plist */ = {isa = PBXFileReference; lastKnownFileType = text.plist.xml; path = Info.plist; sourceTree = "<group>"; };
		2D7013422720998200F78FA5 /* ListView.swift */ = {isa = PBXFileReference; lastKnownFileType = sourcecode.swift; path = ListView.swift; sourceTree = "<group>"; };
		2D70134627209AF500F78FA5 /* TabBarController.swift */ = {isa = PBXFileReference; lastKnownFileType = sourcecode.swift; path = TabBarController.swift; sourceTree = "<group>"; };
		2D70134827209C0B00F78FA5 /* Constants.swift */ = {isa = PBXFileReference; lastKnownFileType = sourcecode.swift; path = Constants.swift; sourceTree = "<group>"; };
		2D70134A27213A0E00F78FA5 /* AllHabitsViewController.swift */ = {isa = PBXFileReference; lastKnownFileType = sourcecode.swift; path = AllHabitsViewController.swift; sourceTree = "<group>"; };
		2D70134E2721A8F300F78FA5 /* HabbitsCell.swift */ = {isa = PBXFileReference; lastKnownFileType = sourcecode.swift; path = HabbitsCell.swift; sourceTree = "<group>"; };
		2D70135527228C3900F78FA5 /* ManageData.swift */ = {isa = PBXFileReference; lastKnownFileType = sourcecode.swift; path = ManageData.swift; sourceTree = "<group>"; };
		2D70135727234ED200F78FA5 /* DaysButton.swift */ = {isa = PBXFileReference; lastKnownFileType = sourcecode.swift; path = DaysButton.swift; sourceTree = "<group>"; };
		2D96F3132775EDB600AE71E0 /* HapsticsManager.swift */ = {isa = PBXFileReference; lastKnownFileType = sourcecode.swift; path = HapsticsManager.swift; sourceTree = "<group>"; };
		2DE99D3B274BFFE600802FCE /* HabitViewModel.swift */ = {isa = PBXFileReference; lastKnownFileType = sourcecode.swift; path = HabitViewModel.swift; sourceTree = "<group>"; };
		2DEF875627A017C400B56876 /* CellEditManager.swift */ = {isa = PBXFileReference; lastKnownFileType = sourcecode.swift; path = CellEditManager.swift; sourceTree = "<group>"; };
		2DEF875827A046C400B56876 /* ReadmeAssets.xcassets */ = {isa = PBXFileReference; lastKnownFileType = folder.assetcatalog; path = ReadmeAssets.xcassets; sourceTree = "<group>"; };
		43FB8205EF077D4529974D30 /* Pods-MyHabits.debug.xcconfig */ = {isa = PBXFileReference; includeInIndex = 1; lastKnownFileType = text.xcconfig; name = "Pods-MyHabits.debug.xcconfig"; path = "Target Support Files/Pods-MyHabits/Pods-MyHabits.debug.xcconfig"; sourceTree = "<group>"; };
/* End PBXFileReference section */

/* Begin PBXFrameworksBuildPhase section */
		2D7013252720969400F78FA5 /* Frameworks */ = {
			isa = PBXFrameworksBuildPhase;
			buildActionMask = 2147483647;
			files = (
				0A0121DB49CD79F48EBAC455 /* Pods_MyHabits.framework in Frameworks */,
			);
			runOnlyForDeploymentPostprocessing = 0;
		};
/* End PBXFrameworksBuildPhase section */

/* Begin PBXGroup section */
		29543E76069BBE45307A0AC8 /* Frameworks */ = {
			isa = PBXGroup;
			children = (
				225363ED40C094C8E5A3EFD7 /* Pods_MyHabits.framework */,
			);
			name = Frameworks;
			sourceTree = "<group>";
		};
		2B19E463300EABE0210D5FCB /* Pods */ = {
			isa = PBXGroup;
			children = (
				43FB8205EF077D4529974D30 /* Pods-MyHabits.debug.xcconfig */,
				1CD4B60754FFC02A4B3BF97A /* Pods-MyHabits.release.xcconfig */,
			);
			path = Pods;
			sourceTree = "<group>";
		};
		2D5F6BB1273066A30039C465 /* AddViewCells */ = {
			isa = PBXGroup;
			children = (
				2D5F6BB2273066CC0039C465 /* NameTableViewCell.swift */,
				2D5F6BB627306C730039C465 /* DaysTableViewCell.swift */,
				2D5F6BBA273071020039C465 /* NotificationTableViewCell.swift */,
				2D5F6BBC273074F10039C465 /* ColorTableViewCell.swift */,
			);
			path = AddViewCells;
			sourceTree = "<group>";
		};
		2D5F6BC227330CAC0039C465 /* AddHabit */ = {
			isa = PBXGroup;
			children = (
				2D5F6BB4273069080039C465 /* AddHabitViewController.swift */,
				2D5F6BBE273076250039C465 /* AddHabitView.swift */,
				2D5F6BA7272ECDAA0039C465 /* SelectModel.swift */,
				2D5F6BB1273066A30039C465 /* AddViewCells */,
				2D7013592723509400F78FA5 /* buttons */,
			);
			path = AddHabit;
			sourceTree = "<group>";
		};
		2D5F6BC327330D6E0039C465 /* TabBar */ = {
			isa = PBXGroup;
			children = (
				2D70134627209AF500F78FA5 /* TabBarController.swift */,
			);
			path = TabBar;
			sourceTree = "<group>";
		};
		2D5F6BC427330D7A0039C465 /* AllHabitsTab */ = {
			isa = PBXGroup;
			children = (
				2D70134A27213A0E00F78FA5 /* AllHabitsViewController.swift */,
				2D11A09E275BD1CD00D80ED8 /* AllHabitsViewCell.swift */,
				2DEF875627A017C400B56876 /* CellEditManager.swift */,
			);
			path = AllHabitsTab;
			sourceTree = "<group>";
		};
		2D5F6BC527330D8B0039C465 /* Helpers */ = {
			isa = PBXGroup;
			children = (
				2D5F6BB827306DC40039C465 /* CellStack.swift */,
				2D96F3132775EDB600AE71E0 /* HapsticsManager.swift */,
				2D5F6BAF272F2AB90039C465 /* AddViewLabel.swift */,
			);
			path = Helpers;
			sourceTree = "<group>";
		};
		2D5F6BC6273316D00039C465 /* View */ = {
			isa = PBXGroup;
			children = (
				2D7013422720998200F78FA5 /* ListView.swift */,
			);
			name = View;
			sourceTree = "<group>";
		};
		2D70131F2720969400F78FA5 = {
			isa = PBXGroup;
			children = (
				2D70132A2720969400F78FA5 /* MyHabits */,
				2D7013292720969400F78FA5 /* Products */,
				2B19E463300EABE0210D5FCB /* Pods */,
				29543E76069BBE45307A0AC8 /* Frameworks */,
			);
			sourceTree = "<group>";
		};
		2D7013292720969400F78FA5 /* Products */ = {
			isa = PBXGroup;
			children = (
				2D7013282720969400F78FA5 /* MyHabits.app */,
			);
			name = Products;
			sourceTree = "<group>";
		};
		2D70132A2720969400F78FA5 /* MyHabits */ = {
			isa = PBXGroup;
			children = (
				2D70132B2720969400F78FA5 /* AppDelegate.swift */,
				2D70132D2720969400F78FA5 /* SceneDelegate.swift */,
				2D59FB80273EE7ED007163CE /* NotificationsManager.swift */,
				2D70135427228C1200F78FA5 /* Model */,
				2D7013452720999300F78FA5 /* TodayHabitsTab */,
				2D5F6BC427330D7A0039C465 /* AllHabitsTab */,
				2D5F6BC227330CAC0039C465 /* AddHabit */,
				2D5F6BC327330D6E0039C465 /* TabBar */,
				2D5F6BC527330D8B0039C465 /* Helpers */,
				2D7013312720969400F78FA5 /* Main.storyboard */,
				2D70134827209C0B00F78FA5 /* Constants.swift */,
				2DEF875827A046C400B56876 /* ReadmeAssets.xcassets */,
				2D7013372720969600F78FA5 /* Assets.xcassets */,
				2D7013392720969600F78FA5 /* LaunchScreen.storyboard */,
				2D11A0A9275CE8FD00D80ED8 /* Localizable.strings */,
				2D70133C2720969600F78FA5 /* Info.plist */,
			);
			path = MyHabits;
			sourceTree = "<group>";
		};
		2D7013452720999300F78FA5 /* TodayHabitsTab */ = {
			isa = PBXGroup;
			children = (
				2D5F6BC6273316D00039C465 /* View */,
				2D70132F2720969400F78FA5 /* TodayHabitsViewController.swift */,
				2DE99D3B274BFFE600802FCE /* HabitViewModel.swift */,
				2D70134E2721A8F300F78FA5 /* HabbitsCell.swift */,
			);
			path = TodayHabitsTab;
			sourceTree = "<group>";
		};
		2D70135427228C1200F78FA5 /* Model */ = {
			isa = PBXGroup;
			children = (
				2D7013342720969400F78FA5 /* MyHabbits.xcdatamodeld */,
				2D70135527228C3900F78FA5 /* ManageData.swift */,
			);
			path = Model;
			sourceTree = "<group>";
		};
		2D7013592723509400F78FA5 /* buttons */ = {
			isa = PBXGroup;
			children = (
				2D5F6BA5272D99D50039C465 /* ColorButton.swift */,
				2D70135727234ED200F78FA5 /* DaysButton.swift */,
			);
			path = buttons;
			sourceTree = "<group>";
		};
/* End PBXGroup section */

/* Begin PBXNativeTarget section */
		2D7013272720969400F78FA5 /* MyHabits */ = {
			isa = PBXNativeTarget;
			buildConfigurationList = 2D70133F2720969600F78FA5 /* Build configuration list for PBXNativeTarget "MyHabits" */;
			buildPhases = (
				1175C641B85F0D1FCDBE53FC /* [CP] Check Pods Manifest.lock */,
				2D7013242720969400F78FA5 /* Sources */,
				2D7013252720969400F78FA5 /* Frameworks */,
				2D7013262720969400F78FA5 /* Resources */,
				2D96F3152780E06B00AE71E0 /* ShellScript */,
			);
			buildRules = (
			);
			dependencies = (
			);
			name = MyHabits;
			productName = MyHabbits;
			productReference = 2D7013282720969400F78FA5 /* MyHabits.app */;
			productType = "com.apple.product-type.application";
		};
/* End PBXNativeTarget section */

/* Begin PBXProject section */
		2D7013202720969400F78FA5 /* Project object */ = {
			isa = PBXProject;
			attributes = {
				BuildIndependentTargetsInParallel = 1;
				LastSwiftUpdateCheck = 1300;
				LastUpgradeCheck = 1300;
				TargetAttributes = {
					2D7013272720969400F78FA5 = {
						CreatedOnToolsVersion = 13.0;
					};
				};
			};
			buildConfigurationList = 2D7013232720969400F78FA5 /* Build configuration list for PBXProject "MyHabits" */;
			compatibilityVersion = "Xcode 12.0";
			developmentRegion = en;
			hasScannedForEncodings = 0;
			knownRegions = (
				en,
				Base,
				ru,
			);
			mainGroup = 2D70131F2720969400F78FA5;
			productRefGroup = 2D7013292720969400F78FA5 /* Products */;
			projectDirPath = "";
			projectRoot = "";
			targets = (
				2D7013272720969400F78FA5 /* MyHabits */,
			);
		};
/* End PBXProject section */

/* Begin PBXResourcesBuildPhase section */
		2D7013262720969400F78FA5 /* Resources */ = {
			isa = PBXResourcesBuildPhase;
			buildActionMask = 2147483647;
			files = (
				2DEF875927A046C400B56876 /* ReadmeAssets.xcassets in Resources */,
				2D70133B2720969600F78FA5 /* LaunchScreen.storyboard in Resources */,
				2D11A0A7275CE8FD00D80ED8 /* Localizable.strings in Resources */,
				2D7013382720969600F78FA5 /* Assets.xcassets in Resources */,
				2D7013332720969400F78FA5 /* Main.storyboard in Resources */,
			);
			runOnlyForDeploymentPostprocessing = 0;
		};
/* End PBXResourcesBuildPhase section */

/* Begin PBXShellScriptBuildPhase section */
		1175C641B85F0D1FCDBE53FC /* [CP] Check Pods Manifest.lock */ = {
			isa = PBXShellScriptBuildPhase;
			buildActionMask = 2147483647;
			files = (
			);
			inputFileListPaths = (
			);
			inputPaths = (
				"${PODS_PODFILE_DIR_PATH}/Podfile.lock",
				"${PODS_ROOT}/Manifest.lock",
			);
			name = "[CP] Check Pods Manifest.lock";
			outputFileListPaths = (
			);
			outputPaths = (
				"$(DERIVED_FILE_DIR)/Pods-MyHabits-checkManifestLockResult.txt",
			);
			runOnlyForDeploymentPostprocessing = 0;
			shellPath = /bin/sh;
			shellScript = "diff \"${PODS_PODFILE_DIR_PATH}/Podfile.lock\" \"${PODS_ROOT}/Manifest.lock\" > /dev/null\nif [ $? != 0 ] ; then\n    # print error to STDERR\n    echo \"error: The sandbox is not in sync with the Podfile.lock. Run 'pod install' or update your CocoaPods installation.\" >&2\n    exit 1\nfi\n# This output is used by Xcode 'outputs' to avoid re-running this script phase.\necho \"SUCCESS\" > \"${SCRIPT_OUTPUT_FILE_0}\"\n";
			showEnvVarsInLog = 0;
		};
		2D96F3152780E06B00AE71E0 /* ShellScript */ = {
			isa = PBXShellScriptBuildPhase;
			buildActionMask = 2147483647;
			files = (
			);
			inputFileListPaths = (
			);
			inputPaths = (
			);
			outputFileListPaths = (
			);
			outputPaths = (
			);
			runOnlyForDeploymentPostprocessing = 0;
			shellPath = /bin/sh;
			shellScript = "${PODS_ROOT}/SwiftLint/swiftlint\n";
		};
/* End PBXShellScriptBuildPhase section */

/* Begin PBXSourcesBuildPhase section */
		2D7013242720969400F78FA5 /* Sources */ = {
			isa = PBXSourcesBuildPhase;
			buildActionMask = 2147483647;
			files = (
				2D59FB81273EE7ED007163CE /* NotificationsManager.swift in Sources */,
				2D7013432720998200F78FA5 /* ListView.swift in Sources */,
				2D70134F2721A8F300F78FA5 /* HabbitsCell.swift in Sources */,
				2D70135827234ED200F78FA5 /* DaysButton.swift in Sources */,
				2D7013302720969400F78FA5 /* TodayHabitsViewController.swift in Sources */,
				2D5F6BB727306C730039C465 /* DaysTableViewCell.swift in Sources */,
				2D5F6BBD273074F10039C465 /* ColorTableViewCell.swift in Sources */,
				2D5F6BB927306DC40039C465 /* CellStack.swift in Sources */,
				2D70134B27213A0E00F78FA5 /* AllHabitsViewController.swift in Sources */,
				2D7013362720969400F78FA5 /* MyHabbits.xcdatamodeld in Sources */,
				2D96F3142775EDB600AE71E0 /* HapsticsManager.swift in Sources */,
				2D5F6BB5273069080039C465 /* AddHabitViewController.swift in Sources */,
				2D70134727209AF500F78FA5 /* TabBarController.swift in Sources */,
				2D70134927209C0B00F78FA5 /* Constants.swift in Sources */,
				2D5F6BB0272F2AB90039C465 /* AddViewLabel.swift in Sources */,
				2DEF875727A017C400B56876 /* CellEditManager.swift in Sources */,
				2D70135627228C3900F78FA5 /* ManageData.swift in Sources */,
				2D5F6BA8272ECDAA0039C465 /* SelectModel.swift in Sources */,
				2D5F6BBB273071020039C465 /* NotificationTableViewCell.swift in Sources */,
				2D5F6BBF273076250039C465 /* AddHabitView.swift in Sources */,
				2D5F6BB3273066CC0039C465 /* NameTableViewCell.swift in Sources */,
				2D70132C2720969400F78FA5 /* AppDelegate.swift in Sources */,
				2D5F6BA6272D99D50039C465 /* ColorButton.swift in Sources */,
				2D11A09F275BD1CD00D80ED8 /* AllHabitsViewCell.swift in Sources */,
				2D70132E2720969400F78FA5 /* SceneDelegate.swift in Sources */,
				2DE99D3C274BFFE600802FCE /* HabitViewModel.swift in Sources */,
			);
			runOnlyForDeploymentPostprocessing = 0;
		};
/* End PBXSourcesBuildPhase section */

/* Begin PBXVariantGroup section */
		2D11A0A9275CE8FD00D80ED8 /* Localizable.strings */ = {
			isa = PBXVariantGroup;
			children = (
				2D11A0A8275CE8FD00D80ED8 /* ru */,
				2D11A0AA275CE90300D80ED8 /* en */,
			);
			name = Localizable.strings;
			sourceTree = "<group>";
		};
		2D7013312720969400F78FA5 /* Main.storyboard */ = {
			isa = PBXVariantGroup;
			children = (
				2D7013322720969400F78FA5 /* Base */,
				2D11A0A0275CE75600D80ED8 /* ru */,
			);
			name = Main.storyboard;
			sourceTree = "<group>";
		};
		2D7013392720969600F78FA5 /* LaunchScreen.storyboard */ = {
			isa = PBXVariantGroup;
			children = (
				2D70133A2720969600F78FA5 /* Base */,
				2D11A0A1275CE75600D80ED8 /* ru */,
			);
			name = LaunchScreen.storyboard;
			sourceTree = "<group>";
		};
/* End PBXVariantGroup section */

/* Begin XCBuildConfiguration section */
		2D70133D2720969600F78FA5 /* Debug */ = {
			isa = XCBuildConfiguration;
			buildSettings = {
				ALWAYS_SEARCH_USER_PATHS = NO;
				CLANG_ANALYZER_LOCALIZABILITY_NONLOCALIZED = YES;
				CLANG_ANALYZER_NONNULL = YES;
				CLANG_ANALYZER_NUMBER_OBJECT_CONVERSION = YES_AGGRESSIVE;
				CLANG_CXX_LANGUAGE_STANDARD = "gnu++17";
				CLANG_CXX_LIBRARY = "libc++";
				CLANG_ENABLE_MODULES = YES;
				CLANG_ENABLE_OBJC_ARC = YES;
				CLANG_ENABLE_OBJC_WEAK = YES;
				CLANG_WARN_BLOCK_CAPTURE_AUTORELEASING = YES;
				CLANG_WARN_BOOL_CONVERSION = YES;
				CLANG_WARN_COMMA = YES;
				CLANG_WARN_CONSTANT_CONVERSION = YES;
				CLANG_WARN_DEPRECATED_OBJC_IMPLEMENTATIONS = YES;
				CLANG_WARN_DIRECT_OBJC_ISA_USAGE = YES_ERROR;
				CLANG_WARN_DOCUMENTATION_COMMENTS = YES;
				CLANG_WARN_EMPTY_BODY = YES;
				CLANG_WARN_ENUM_CONVERSION = YES;
				CLANG_WARN_INFINITE_RECURSION = YES;
				CLANG_WARN_INT_CONVERSION = YES;
				CLANG_WARN_NON_LITERAL_NULL_CONVERSION = YES;
				CLANG_WARN_OBJC_IMPLICIT_RETAIN_SELF = YES;
				CLANG_WARN_OBJC_LITERAL_CONVERSION = YES;
				CLANG_WARN_OBJC_ROOT_CLASS = YES_ERROR;
				CLANG_WARN_QUOTED_INCLUDE_IN_FRAMEWORK_HEADER = YES;
				CLANG_WARN_RANGE_LOOP_ANALYSIS = YES;
				CLANG_WARN_STRICT_PROTOTYPES = YES;
				CLANG_WARN_SUSPICIOUS_MOVE = YES;
				CLANG_WARN_UNGUARDED_AVAILABILITY = YES_AGGRESSIVE;
				CLANG_WARN_UNREACHABLE_CODE = YES;
				CLANG_WARN__DUPLICATE_METHOD_MATCH = YES;
				COPY_PHASE_STRIP = NO;
				DEBUG_INFORMATION_FORMAT = dwarf;
				ENABLE_STRICT_OBJC_MSGSEND = YES;
				ENABLE_TESTABILITY = YES;
				GCC_C_LANGUAGE_STANDARD = gnu11;
				GCC_DYNAMIC_NO_PIC = NO;
				GCC_NO_COMMON_BLOCKS = YES;
				GCC_OPTIMIZATION_LEVEL = 0;
				GCC_PREPROCESSOR_DEFINITIONS = (
					"DEBUG=1",
					"$(inherited)",
				);
				GCC_WARN_64_TO_32_BIT_CONVERSION = YES;
				GCC_WARN_ABOUT_RETURN_TYPE = YES_ERROR;
				GCC_WARN_UNDECLARED_SELECTOR = YES;
				GCC_WARN_UNINITIALIZED_AUTOS = YES_AGGRESSIVE;
				GCC_WARN_UNUSED_FUNCTION = YES;
				GCC_WARN_UNUSED_VARIABLE = YES;
				IPHONEOS_DEPLOYMENT_TARGET = 15.0;
				MTL_ENABLE_DEBUG_INFO = INCLUDE_SOURCE;
				MTL_FAST_MATH = YES;
				ONLY_ACTIVE_ARCH = YES;
				SDKROOT = iphoneos;
				SWIFT_ACTIVE_COMPILATION_CONDITIONS = DEBUG;
				SWIFT_OPTIMIZATION_LEVEL = "-Onone";
			};
			name = Debug;
		};
		2D70133E2720969600F78FA5 /* Release */ = {
			isa = XCBuildConfiguration;
			buildSettings = {
				ALWAYS_SEARCH_USER_PATHS = NO;
				CLANG_ANALYZER_LOCALIZABILITY_NONLOCALIZED = YES;
				CLANG_ANALYZER_NONNULL = YES;
				CLANG_ANALYZER_NUMBER_OBJECT_CONVERSION = YES_AGGRESSIVE;
				CLANG_CXX_LANGUAGE_STANDARD = "gnu++17";
				CLANG_CXX_LIBRARY = "libc++";
				CLANG_ENABLE_MODULES = YES;
				CLANG_ENABLE_OBJC_ARC = YES;
				CLANG_ENABLE_OBJC_WEAK = YES;
				CLANG_WARN_BLOCK_CAPTURE_AUTORELEASING = YES;
				CLANG_WARN_BOOL_CONVERSION = YES;
				CLANG_WARN_COMMA = YES;
				CLANG_WARN_CONSTANT_CONVERSION = YES;
				CLANG_WARN_DEPRECATED_OBJC_IMPLEMENTATIONS = YES;
				CLANG_WARN_DIRECT_OBJC_ISA_USAGE = YES_ERROR;
				CLANG_WARN_DOCUMENTATION_COMMENTS = YES;
				CLANG_WARN_EMPTY_BODY = YES;
				CLANG_WARN_ENUM_CONVERSION = YES;
				CLANG_WARN_INFINITE_RECURSION = YES;
				CLANG_WARN_INT_CONVERSION = YES;
				CLANG_WARN_NON_LITERAL_NULL_CONVERSION = YES;
				CLANG_WARN_OBJC_IMPLICIT_RETAIN_SELF = YES;
				CLANG_WARN_OBJC_LITERAL_CONVERSION = YES;
				CLANG_WARN_OBJC_ROOT_CLASS = YES_ERROR;
				CLANG_WARN_QUOTED_INCLUDE_IN_FRAMEWORK_HEADER = YES;
				CLANG_WARN_RANGE_LOOP_ANALYSIS = YES;
				CLANG_WARN_STRICT_PROTOTYPES = YES;
				CLANG_WARN_SUSPICIOUS_MOVE = YES;
				CLANG_WARN_UNGUARDED_AVAILABILITY = YES_AGGRESSIVE;
				CLANG_WARN_UNREACHABLE_CODE = YES;
				CLANG_WARN__DUPLICATE_METHOD_MATCH = YES;
				COPY_PHASE_STRIP = NO;
				DEBUG_INFORMATION_FORMAT = "dwarf-with-dsym";
				ENABLE_NS_ASSERTIONS = NO;
				ENABLE_STRICT_OBJC_MSGSEND = YES;
				GCC_C_LANGUAGE_STANDARD = gnu11;
				GCC_NO_COMMON_BLOCKS = YES;
				GCC_WARN_64_TO_32_BIT_CONVERSION = YES;
				GCC_WARN_ABOUT_RETURN_TYPE = YES_ERROR;
				GCC_WARN_UNDECLARED_SELECTOR = YES;
				GCC_WARN_UNINITIALIZED_AUTOS = YES_AGGRESSIVE;
				GCC_WARN_UNUSED_FUNCTION = YES;
				GCC_WARN_UNUSED_VARIABLE = YES;
				IPHONEOS_DEPLOYMENT_TARGET = 15.0;
				MTL_ENABLE_DEBUG_INFO = NO;
				MTL_FAST_MATH = YES;
				SDKROOT = iphoneos;
				SWIFT_COMPILATION_MODE = wholemodule;
				SWIFT_OPTIMIZATION_LEVEL = "-O";
				VALIDATE_PRODUCT = YES;
			};
			name = Release;
		};
		2D7013402720969600F78FA5 /* Debug */ = {
			isa = XCBuildConfiguration;
			baseConfigurationReference = 43FB8205EF077D4529974D30 /* Pods-MyHabits.debug.xcconfig */;
			buildSettings = {
				ASSETCATALOG_COMPILER_APPICON_NAME = AppIcon;
				ASSETCATALOG_COMPILER_GLOBAL_ACCENT_COLOR_NAME = AccentColor;
				CODE_SIGN_STYLE = Automatic;
				CURRENT_PROJECT_VERSION = 1;
				DEVELOPMENT_TEAM = RX93WCSR44;
				GENERATE_INFOPLIST_FILE = YES;
				INFOPLIST_FILE = MyHabbits/Info.plist;
				INFOPLIST_KEY_UIApplicationSupportsIndirectInputEvents = YES;
				INFOPLIST_KEY_UILaunchStoryboardName = LaunchScreen;
				INFOPLIST_KEY_UIMainStoryboardFile = Main;
				INFOPLIST_KEY_UISupportedInterfaceOrientations = "";
				INFOPLIST_KEY_UISupportedInterfaceOrientations_iPad = "UIInterfaceOrientationPortrait UIInterfaceOrientationPortraitUpsideDown UIInterfaceOrientationLandscapeLeft UIInterfaceOrientationLandscapeRight";
				INFOPLIST_KEY_UISupportedInterfaceOrientations_iPhone = UIInterfaceOrientationPortrait;
				LD_RUNPATH_SEARCH_PATHS = (
					"$(inherited)",
					"@executable_path/Frameworks",
				);
				MARKETING_VERSION = 1.0;
				PRODUCT_BUNDLE_IDENTIFIER = phoebeeCauld.MyHabbits;
				PRODUCT_NAME = "$(TARGET_NAME)";
				SWIFT_EMIT_LOC_STRINGS = YES;
				SWIFT_VERSION = 5.0;
				TARGETED_DEVICE_FAMILY = "1,2";
			};
			name = Debug;
		};
		2D7013412720969600F78FA5 /* Release */ = {
			isa = XCBuildConfiguration;
			baseConfigurationReference = 1CD4B60754FFC02A4B3BF97A /* Pods-MyHabits.release.xcconfig */;
			buildSettings = {
				ASSETCATALOG_COMPILER_APPICON_NAME = AppIcon;
				ASSETCATALOG_COMPILER_GLOBAL_ACCENT_COLOR_NAME = AccentColor;
				CODE_SIGN_STYLE = Automatic;
				CURRENT_PROJECT_VERSION = 1;
				DEVELOPMENT_TEAM = RX93WCSR44;
				GENERATE_INFOPLIST_FILE = YES;
				INFOPLIST_FILE = MyHabbits/Info.plist;
				INFOPLIST_KEY_UIApplicationSupportsIndirectInputEvents = YES;
				INFOPLIST_KEY_UILaunchStoryboardName = LaunchScreen;
				INFOPLIST_KEY_UIMainStoryboardFile = Main;
				INFOPLIST_KEY_UISupportedInterfaceOrientations = "";
				INFOPLIST_KEY_UISupportedInterfaceOrientations_iPad = "UIInterfaceOrientationPortrait UIInterfaceOrientationPortraitUpsideDown UIInterfaceOrientationLandscapeLeft UIInterfaceOrientationLandscapeRight";
				INFOPLIST_KEY_UISupportedInterfaceOrientations_iPhone = UIInterfaceOrientationPortrait;
				LD_RUNPATH_SEARCH_PATHS = (
					"$(inherited)",
					"@executable_path/Frameworks",
				);
				MARKETING_VERSION = 1.0;
				PRODUCT_BUNDLE_IDENTIFIER = phoebeeCauld.MyHabbits;
				PRODUCT_NAME = "$(TARGET_NAME)";
				SWIFT_EMIT_LOC_STRINGS = YES;
				SWIFT_VERSION = 5.0;
				TARGETED_DEVICE_FAMILY = "1,2";
			};
			name = Release;
		};
/* End XCBuildConfiguration section */

/* Begin XCConfigurationList section */
		2D7013232720969400F78FA5 /* Build configuration list for PBXProject "MyHabits" */ = {
			isa = XCConfigurationList;
			buildConfigurations = (
				2D70133D2720969600F78FA5 /* Debug */,
				2D70133E2720969600F78FA5 /* Release */,
			);
			defaultConfigurationIsVisible = 0;
			defaultConfigurationName = Release;
		};
		2D70133F2720969600F78FA5 /* Build configuration list for PBXNativeTarget "MyHabits" */ = {
			isa = XCConfigurationList;
			buildConfigurations = (
				2D7013402720969600F78FA5 /* Debug */,
				2D7013412720969600F78FA5 /* Release */,
			);
			defaultConfigurationIsVisible = 0;
			defaultConfigurationName = Release;
		};
/* End XCConfigurationList section */

/* Begin XCVersionGroup section */
		2D7013342720969400F78FA5 /* MyHabbits.xcdatamodeld */ = {
			isa = XCVersionGroup;
			children = (
				2D7013352720969400F78FA5 /* MyHabbits.xcdatamodel */,
			);
			currentVersion = 2D7013352720969400F78FA5 /* MyHabbits.xcdatamodel */;
			path = MyHabbits.xcdatamodeld;
			sourceTree = "<group>";
			versionGroupType = wrapper.xcdatamodel;
		};
/* End XCVersionGroup section */
	};
	rootObject = 2D7013202720969400F78FA5 /* Project object */;
}
